// !$*UTF8*$!
{
	archiveVersion = 1;
	classes = {
	};
	objectVersion = 51;
	objects = {

/* Begin PBXBuildFile section */
		9D17781428455B8C00F300CB /* ProductViewController.swift in Sources */ = {isa = PBXBuildFile; fileRef = 9D17781328455B8C00F300CB /* ProductViewController.swift */; };
		9D17781A2845690000F300CB /* Notifications Model.swift in Sources */ = {isa = PBXBuildFile; fileRef = 9D1778192845690000F300CB /* Notifications Model.swift */; };
		9D17781C2845696A00F300CB /* Favorites Folders Model.swift in Sources */ = {isa = PBXBuildFile; fileRef = 9D17781B2845696A00F300CB /* Favorites Folders Model.swift */; };
		9D1778212845714100F300CB /* productCell.swift in Sources */ = {isa = PBXBuildFile; fileRef = 9D17781F2845714100F300CB /* productCell.swift */; };
		9D1778222845714100F300CB /* productCell.xib in Resources */ = {isa = PBXBuildFile; fileRef = 9D1778202845714100F300CB /* productCell.xib */; };
		9D1778242845800E00F300CB /* ShoppingCartViewController.swift in Sources */ = {isa = PBXBuildFile; fileRef = 9D1778232845800E00F300CB /* ShoppingCartViewController.swift */; };
		9D215A6E2852BE83003E89EE /* ResetPasswordViewController.swift in Sources */ = {isa = PBXBuildFile; fileRef = 9D215A6D2852BE83003E89EE /* ResetPasswordViewController.swift */; };
		9D215A722852BFDF003E89EE /* PaymentMethodViewController.swift in Sources */ = {isa = PBXBuildFile; fileRef = 9D215A702852BFDF003E89EE /* PaymentMethodViewController.swift */; };
		9D215A732852BFDF003E89EE /* FAQsViewController.swift in Sources */ = {isa = PBXBuildFile; fileRef = 9D215A712852BFDF003E89EE /* FAQsViewController.swift */; };
		9D215A762853687D003E89EE /* HomeViewController.swift in Sources */ = {isa = PBXBuildFile; fileRef = 9D215A752853687D003E89EE /* HomeViewController.swift */; };
		9D215A7B28536A31003E89EE /* CategoriesViewController.swift in Sources */ = {isa = PBXBuildFile; fileRef = 9D215A7A28536A31003E89EE /* CategoriesViewController.swift */; };
		9D215A7E28536BDE003E89EE /* ForgotPasswordViewController.swift in Sources */ = {isa = PBXBuildFile; fileRef = 9D215A7D28536BDE003E89EE /* ForgotPasswordViewController.swift */; };
		9D215A8028536E3D003E89EE /* Products Data Model.swift in Sources */ = {isa = PBXBuildFile; fileRef = 9D215A7F28536E3D003E89EE /* Products Data Model.swift */; };
		9D27507E2826BFEC0029CB3F /* AccountViewController.swift in Sources */ = {isa = PBXBuildFile; fileRef = 9D27507D2826BFEC0029CB3F /* AccountViewController.swift */; };
		9D2750822826C0240029CB3F /* ContactUsViewController.swift in Sources */ = {isa = PBXBuildFile; fileRef = 9D2750812826C0240029CB3F /* ContactUsViewController.swift */; };
		9D2750842826CE5A0029CB3F /* MyDetailsViewController.swift in Sources */ = {isa = PBXBuildFile; fileRef = 9D2750832826CE5A0029CB3F /* MyDetailsViewController.swift */; };
		9D44AC8628314F4300EE6271 /* notificationCell.swift in Sources */ = {isa = PBXBuildFile; fileRef = 9D44AC8428314F4300EE6271 /* notificationCell.swift */; };
		9D44AC8728314F4300EE6271 /* notificationCell.xib in Resources */ = {isa = PBXBuildFile; fileRef = 9D44AC8528314F4300EE6271 /* notificationCell.xib */; };
		9D44AC89283153A600EE6271 /* K.swift in Sources */ = {isa = PBXBuildFile; fileRef = 9D44AC88283153A600EE6271 /* K.swift */; };
		9D82CF7728410DC90064BEA6 /* productView.swift in Sources */ = {isa = PBXBuildFile; fileRef = 9D82CF7528410DC90064BEA6 /* productView.swift */; };
		9D82CF7A28411A3E0064BEA6 /* CategoryViewController.swift in Sources */ = {isa = PBXBuildFile; fileRef = 9D82CF7928411A3E0064BEA6 /* CategoryViewController.swift */; };
		9D82CF7C284138E80064BEA6 /* NotificationsViewController.swift in Sources */ = {isa = PBXBuildFile; fileRef = 9D82CF7B284138E80064BEA6 /* NotificationsViewController.swift */; };
		9D82CF7E284140610064BEA6 /* productView.xib in Resources */ = {isa = PBXBuildFile; fileRef = 9D82CF7D284140610064BEA6 /* productView.xib */; };
		9D97680828436E250053EE90 /* LoginViewController.swift in Sources */ = {isa = PBXBuildFile; fileRef = 9D97680728436E250053EE90 /* LoginViewController.swift */; };
		9D9A051828561DEE00C25671 /* Data Base.swift in Sources */ = {isa = PBXBuildFile; fileRef = 9D9A051728561DEE00C25671 /* Data Base.swift */; };
		9D9A051A28562CB500C25671 /* categoryView.swift in Sources */ = {isa = PBXBuildFile; fileRef = 9D9A051928562CB400C25671 /* categoryView.swift */; };
		9D9A051D285638F500C25671 /* CategoryCell.swift in Sources */ = {isa = PBXBuildFile; fileRef = 9D9A051B285638F500C25671 /* CategoryCell.swift */; };
		9D9A051E285638F500C25671 /* CategoryCell.xib in Resources */ = {isa = PBXBuildFile; fileRef = 9D9A051C285638F500C25671 /* CategoryCell.xib */; };
		9DA4AC942852678F0087000E /* ProductsCategoryTableViewCell.swift in Sources */ = {isa = PBXBuildFile; fileRef = 9DA4AC922852678F0087000E /* ProductsCategoryTableViewCell.swift */; };
		9DB0D8492845125C00AF53E0 /* FavouritesViewController.swift in Sources */ = {isa = PBXBuildFile; fileRef = 9DB0D8482845125C00AF53E0 /* FavouritesViewController.swift */; };
		9DBFA485282419E000C8BB12 /* AppDelegate.swift in Sources */ = {isa = PBXBuildFile; fileRef = 9DBFA484282419E000C8BB12 /* AppDelegate.swift */; };
		9DBFA487282419E000C8BB12 /* SceneDelegate.swift in Sources */ = {isa = PBXBuildFile; fileRef = 9DBFA486282419E000C8BB12 /* SceneDelegate.swift */; };
		9DBFA489282419E000C8BB12 /* OnbooardingViewController.swift in Sources */ = {isa = PBXBuildFile; fileRef = 9DBFA488282419E000C8BB12 /* OnbooardingViewController.swift */; };
		9DBFA48C282419E000C8BB12 /* Main.storyboard in Resources */ = {isa = PBXBuildFile; fileRef = 9DBFA48A282419E000C8BB12 /* Main.storyboard */; };
		9DBFA48E282419E400C8BB12 /* Assets.xcassets in Resources */ = {isa = PBXBuildFile; fileRef = 9DBFA48D282419E400C8BB12 /* Assets.xcassets */; };
		9DBFA491282419E400C8BB12 /* LaunchScreen.storyboard in Resources */ = {isa = PBXBuildFile; fileRef = 9DBFA48F282419E400C8BB12 /* LaunchScreen.storyboard */; };
		9DBFA49C282419E400C8BB12 /* KilluancoTests.swift in Sources */ = {isa = PBXBuildFile; fileRef = 9DBFA49B282419E400C8BB12 /* KilluancoTests.swift */; };
		9DBFA4A7282419E400C8BB12 /* KilluancoUITests.swift in Sources */ = {isa = PBXBuildFile; fileRef = 9DBFA4A6282419E400C8BB12 /* KilluancoUITests.swift */; };
		9DD56C0B2845311700E61BBE /* categoryView.xib in Resources */ = {isa = PBXBuildFile; fileRef = 9DD56C092845311700E61BBE /* categoryView.xib */; };
		AD7057C68C46A63E87679C39 /* Pods_Killuanco.framework in Frameworks */ = {isa = PBXBuildFile; fileRef = 2921402C78E6E9D6E9EC5FFD /* Pods_Killuanco.framework */; };
/* End PBXBuildFile section */

/* Begin PBXContainerItemProxy section */
		9DBFA498282419E400C8BB12 /* PBXContainerItemProxy */ = {
			isa = PBXContainerItemProxy;
			containerPortal = 9DBFA479282419E000C8BB12 /* Project object */;
			proxyType = 1;
			remoteGlobalIDString = 9DBFA480282419E000C8BB12;
			remoteInfo = Killuanco;
		};
		9DBFA4A3282419E400C8BB12 /* PBXContainerItemProxy */ = {
			isa = PBXContainerItemProxy;
			containerPortal = 9DBFA479282419E000C8BB12 /* Project object */;
			proxyType = 1;
			remoteGlobalIDString = 9DBFA480282419E000C8BB12;
			remoteInfo = Killuanco;
		};
/* End PBXContainerItemProxy section */

/* Begin PBXFileReference section */
		2921402C78E6E9D6E9EC5FFD /* Pods_Killuanco.framework */ = {isa = PBXFileReference; explicitFileType = wrapper.framework; includeInIndex = 0; path = Pods_Killuanco.framework; sourceTree = BUILT_PRODUCTS_DIR; };
		5E1ED7FDB90D71A54A35AD17 /* Pods-Killuanco.debug.xcconfig */ = {isa = PBXFileReference; includeInIndex = 1; lastKnownFileType = text.xcconfig; name = "Pods-Killuanco.debug.xcconfig"; path = "Target Support Files/Pods-Killuanco/Pods-Killuanco.debug.xcconfig"; sourceTree = "<group>"; };
		81A0648B33D3F3A0448A00C0 /* Pods-Killuanco.release.xcconfig */ = {isa = PBXFileReference; includeInIndex = 1; lastKnownFileType = text.xcconfig; name = "Pods-Killuanco.release.xcconfig"; path = "Target Support Files/Pods-Killuanco/Pods-Killuanco.release.xcconfig"; sourceTree = "<group>"; };
		9D17781328455B8C00F300CB /* ProductViewController.swift */ = {isa = PBXFileReference; lastKnownFileType = sourcecode.swift; path = ProductViewController.swift; sourceTree = "<group>"; };
		9D1778192845690000F300CB /* Notifications Model.swift */ = {isa = PBXFileReference; lastKnownFileType = sourcecode.swift; path = "Notifications Model.swift"; sourceTree = "<group>"; };
		9D17781B2845696A00F300CB /* Favorites Folders Model.swift */ = {isa = PBXFileReference; lastKnownFileType = sourcecode.swift; path = "Favorites Folders Model.swift"; sourceTree = "<group>"; };
		9D17781F2845714100F300CB /* productCell.swift */ = {isa = PBXFileReference; lastKnownFileType = sourcecode.swift; path = productCell.swift; sourceTree = "<group>"; };
		9D1778202845714100F300CB /* productCell.xib */ = {isa = PBXFileReference; lastKnownFileType = file.xib; path = productCell.xib; sourceTree = "<group>"; };
		9D1778232845800E00F300CB /* ShoppingCartViewController.swift */ = {isa = PBXFileReference; lastKnownFileType = sourcecode.swift; path = ShoppingCartViewController.swift; sourceTree = "<group>"; };
		9D215A6D2852BE83003E89EE /* ResetPasswordViewController.swift */ = {isa = PBXFileReference; lastKnownFileType = sourcecode.swift; path = ResetPasswordViewController.swift; sourceTree = SOURCE_ROOT; };
		9D215A702852BFDF003E89EE /* PaymentMethodViewController.swift */ = {isa = PBXFileReference; fileEncoding = 4; lastKnownFileType = sourcecode.swift; path = PaymentMethodViewController.swift; sourceTree = "<group>"; };
		9D215A712852BFDF003E89EE /* FAQsViewController.swift */ = {isa = PBXFileReference; fileEncoding = 4; lastKnownFileType = sourcecode.swift; path = FAQsViewController.swift; sourceTree = "<group>"; };
		9D215A752853687D003E89EE /* HomeViewController.swift */ = {isa = PBXFileReference; fileEncoding = 4; lastKnownFileType = sourcecode.swift; path = HomeViewController.swift; sourceTree = "<group>"; };
		9D215A7A28536A31003E89EE /* CategoriesViewController.swift */ = {isa = PBXFileReference; fileEncoding = 4; lastKnownFileType = sourcecode.swift; path = CategoriesViewController.swift; sourceTree = "<group>"; };
		9D215A7D28536BDE003E89EE /* ForgotPasswordViewController.swift */ = {isa = PBXFileReference; fileEncoding = 4; lastKnownFileType = sourcecode.swift; path = ForgotPasswordViewController.swift; sourceTree = "<group>"; };
		9D215A7F28536E3D003E89EE /* Products Data Model.swift */ = {isa = PBXFileReference; lastKnownFileType = sourcecode.swift; path = "Products Data Model.swift"; sourceTree = "<group>"; };
		9D27507D2826BFEC0029CB3F /* AccountViewController.swift */ = {isa = PBXFileReference; lastKnownFileType = sourcecode.swift; path = AccountViewController.swift; sourceTree = "<group>"; };
		9D2750812826C0240029CB3F /* ContactUsViewController.swift */ = {isa = PBXFileReference; lastKnownFileType = sourcecode.swift; path = ContactUsViewController.swift; sourceTree = "<group>"; };
		9D2750832826CE5A0029CB3F /* MyDetailsViewController.swift */ = {isa = PBXFileReference; lastKnownFileType = sourcecode.swift; path = MyDetailsViewController.swift; sourceTree = "<group>"; };
		9D44AC8428314F4300EE6271 /* notificationCell.swift */ = {isa = PBXFileReference; lastKnownFileType = sourcecode.swift; path = notificationCell.swift; sourceTree = "<group>"; };
		9D44AC8528314F4300EE6271 /* notificationCell.xib */ = {isa = PBXFileReference; lastKnownFileType = file.xib; path = notificationCell.xib; sourceTree = "<group>"; };
		9D44AC88283153A600EE6271 /* K.swift */ = {isa = PBXFileReference; lastKnownFileType = sourcecode.swift; path = K.swift; sourceTree = "<group>"; };
		9D82CF7528410DC90064BEA6 /* productView.swift */ = {isa = PBXFileReference; lastKnownFileType = sourcecode.swift; path = productView.swift; sourceTree = "<group>"; };
		9D82CF7928411A3E0064BEA6 /* CategoryViewController.swift */ = {isa = PBXFileReference; lastKnownFileType = sourcecode.swift; path = CategoryViewController.swift; sourceTree = "<group>"; };
		9D82CF7B284138E80064BEA6 /* NotificationsViewController.swift */ = {isa = PBXFileReference; lastKnownFileType = sourcecode.swift; path = NotificationsViewController.swift; sourceTree = "<group>"; };
		9D82CF7D284140610064BEA6 /* productView.xib */ = {isa = PBXFileReference; fileEncoding = 4; lastKnownFileType = file.xib; path = productView.xib; sourceTree = "<group>"; };
		9D97680728436E250053EE90 /* LoginViewController.swift */ = {isa = PBXFileReference; lastKnownFileType = sourcecode.swift; path = LoginViewController.swift; sourceTree = "<group>"; };
		9D9A051728561DEE00C25671 /* Data Base.swift */ = {isa = PBXFileReference; lastKnownFileType = sourcecode.swift; path = "Data Base.swift"; sourceTree = "<group>"; };
		9D9A051928562CB400C25671 /* categoryView.swift */ = {isa = PBXFileReference; fileEncoding = 4; lastKnownFileType = sourcecode.swift; path = categoryView.swift; sourceTree = "<group>"; };
		9D9A051B285638F500C25671 /* CategoryCell.swift */ = {isa = PBXFileReference; lastKnownFileType = sourcecode.swift; name = CategoryCell.swift; path = "Killuanco/Controller/Nib Controller/CategoryCell.swift"; sourceTree = SOURCE_ROOT; };
		9D9A051C285638F500C25671 /* CategoryCell.xib */ = {isa = PBXFileReference; lastKnownFileType = file.xib; name = CategoryCell.xib; path = "Killuanco/View/Main View/CategoryCell.xib"; sourceTree = SOURCE_ROOT; };
		9DA4AC922852678F0087000E /* ProductsCategoryTableViewCell.swift */ = {isa = PBXFileReference; lastKnownFileType = sourcecode.swift; name = ProductsCategoryTableViewCell.swift; path = "Killuanco/Controller/Nib Controller/ProductsCategoryTableViewCell.swift"; sourceTree = SOURCE_ROOT; };
		9DB0D8482845125C00AF53E0 /* FavouritesViewController.swift */ = {isa = PBXFileReference; lastKnownFileType = sourcecode.swift; path = FavouritesViewController.swift; sourceTree = "<group>"; };
		9DBFA481282419E000C8BB12 /* Killuanco.app */ = {isa = PBXFileReference; explicitFileType = wrapper.application; includeInIndex = 0; path = Killuanco.app; sourceTree = BUILT_PRODUCTS_DIR; };
		9DBFA484282419E000C8BB12 /* AppDelegate.swift */ = {isa = PBXFileReference; lastKnownFileType = sourcecode.swift; path = AppDelegate.swift; sourceTree = "<group>"; };
		9DBFA486282419E000C8BB12 /* SceneDelegate.swift */ = {isa = PBXFileReference; lastKnownFileType = sourcecode.swift; path = SceneDelegate.swift; sourceTree = "<group>"; };
		9DBFA488282419E000C8BB12 /* OnbooardingViewController.swift */ = {isa = PBXFileReference; lastKnownFileType = sourcecode.swift; path = OnbooardingViewController.swift; sourceTree = "<group>"; };
		9DBFA48B282419E000C8BB12 /* Base */ = {isa = PBXFileReference; lastKnownFileType = file.storyboard; name = Base; path = Base.lproj/Main.storyboard; sourceTree = "<group>"; };
		9DBFA48D282419E400C8BB12 /* Assets.xcassets */ = {isa = PBXFileReference; lastKnownFileType = folder.assetcatalog; path = Assets.xcassets; sourceTree = "<group>"; };
		9DBFA490282419E400C8BB12 /* Base */ = {isa = PBXFileReference; lastKnownFileType = file.storyboard; name = Base; path = Base.lproj/LaunchScreen.storyboard; sourceTree = "<group>"; };
		9DBFA492282419E400C8BB12 /* Info.plist */ = {isa = PBXFileReference; lastKnownFileType = text.plist.xml; path = Info.plist; sourceTree = "<group>"; };
		9DBFA497282419E400C8BB12 /* KilluancoTests.xctest */ = {isa = PBXFileReference; explicitFileType = wrapper.cfbundle; includeInIndex = 0; path = KilluancoTests.xctest; sourceTree = BUILT_PRODUCTS_DIR; };
		9DBFA49B282419E400C8BB12 /* KilluancoTests.swift */ = {isa = PBXFileReference; lastKnownFileType = sourcecode.swift; path = KilluancoTests.swift; sourceTree = "<group>"; };
		9DBFA49D282419E400C8BB12 /* Info.plist */ = {isa = PBXFileReference; lastKnownFileType = text.plist.xml; path = Info.plist; sourceTree = "<group>"; };
		9DBFA4A2282419E400C8BB12 /* KilluancoUITests.xctest */ = {isa = PBXFileReference; explicitFileType = wrapper.cfbundle; includeInIndex = 0; path = KilluancoUITests.xctest; sourceTree = BUILT_PRODUCTS_DIR; };
		9DBFA4A6282419E400C8BB12 /* KilluancoUITests.swift */ = {isa = PBXFileReference; lastKnownFileType = sourcecode.swift; path = KilluancoUITests.swift; sourceTree = "<group>"; };
		9DBFA4A8282419E400C8BB12 /* Info.plist */ = {isa = PBXFileReference; lastKnownFileType = text.plist.xml; path = Info.plist; sourceTree = "<group>"; };
		9DD56C092845311700E61BBE /* categoryView.xib */ = {isa = PBXFileReference; lastKnownFileType = file.xib; path = categoryView.xib; sourceTree = "<group>"; };
/* End PBXFileReference section */

/* Begin PBXFrameworksBuildPhase section */
		9DBFA47E282419E000C8BB12 /* Frameworks */ = {
			isa = PBXFrameworksBuildPhase;
			buildActionMask = 2147483647;
			files = (
				AD7057C68C46A63E87679C39 /* Pods_Killuanco.framework in Frameworks */,
			);
			runOnlyForDeploymentPostprocessing = 0;
		};
		9DBFA494282419E400C8BB12 /* Frameworks */ = {
			isa = PBXFrameworksBuildPhase;
			buildActionMask = 2147483647;
			files = (
			);
			runOnlyForDeploymentPostprocessing = 0;
		};
		9DBFA49F282419E400C8BB12 /* Frameworks */ = {
			isa = PBXFrameworksBuildPhase;
			buildActionMask = 2147483647;
			files = (
			);
			runOnlyForDeploymentPostprocessing = 0;
		};
/* End PBXFrameworksBuildPhase section */

/* Begin PBXGroup section */
		931F71C9B540343422F614EE /* Pods */ = {
			isa = PBXGroup;
			children = (
				5E1ED7FDB90D71A54A35AD17 /* Pods-Killuanco.debug.xcconfig */,
				81A0648B33D3F3A0448A00C0 /* Pods-Killuanco.release.xcconfig */,
			);
			path = Pods;
			sourceTree = "<group>";
		};
		9D1778152845680700F300CB /* View */ = {
			isa = PBXGroup;
			children = (
				9DA4AC912852563F0087000E /* Main View */,
				9DA4AC90285255E30087000E /* Nibs */,
			);
			path = View;
			sourceTree = "<group>";
		};
		9D1778162845682B00F300CB /* Controller */ = {
			isa = PBXGroup;
			children = (
				9DA4AC8E285255980087000E /* Nib Controller */,
				9DA4AC8F285255A00087000E /* ViewController */,
			);
			path = Controller;
			sourceTree = "<group>";
		};
		9D177818284568DE00F300CB /* Model */ = {
			isa = PBXGroup;
			children = (
				9D44AC88283153A600EE6271 /* K.swift */,
				9D215A7F28536E3D003E89EE /* Products Data Model.swift */,
				9D1778192845690000F300CB /* Notifications Model.swift */,
				9D17781B2845696A00F300CB /* Favorites Folders Model.swift */,
				9D9A051728561DEE00C25671 /* Data Base.swift */,
			);
			path = Model;
			sourceTree = "<group>";
		};
		9D215A6B2852BDF4003E89EE /* Login */ = {
			isa = PBXGroup;
			children = (
				9D215A6D2852BE83003E89EE /* ResetPasswordViewController.swift */,
				9D215A7D28536BDE003E89EE /* ForgotPasswordViewController.swift */,
				9D97680728436E250053EE90 /* LoginViewController.swift */,
			);
			path = Login;
			sourceTree = "<group>";
		};
		9D215A6F2852BF4F003E89EE /* My Details */ = {
			isa = PBXGroup;
			children = (
				9D27507D2826BFEC0029CB3F /* AccountViewController.swift */,
				9D2750832826CE5A0029CB3F /* MyDetailsViewController.swift */,
				9D215A702852BFDF003E89EE /* PaymentMethodViewController.swift */,
				9D82CF7B284138E80064BEA6 /* NotificationsViewController.swift */,
				9D215A712852BFDF003E89EE /* FAQsViewController.swift */,
				9D2750812826C0240029CB3F /* ContactUsViewController.swift */,
			);
			path = "My Details";
			sourceTree = "<group>";
		};
		9D215A742853684D003E89EE /* Home */ = {
			isa = PBXGroup;
			children = (
				9D215A752853687D003E89EE /* HomeViewController.swift */,
			);
			path = Home;
			sourceTree = "<group>";
		};
		9D215A7928536A25003E89EE /* Categories */ = {
			isa = PBXGroup;
			children = (
				9D215A7A28536A31003E89EE /* CategoriesViewController.swift */,
				9D82CF7928411A3E0064BEA6 /* CategoryViewController.swift */,
			);
			path = Categories;
			sourceTree = "<group>";
		};
		9D215A7C28536A7C003E89EE /* Favorites */ = {
			isa = PBXGroup;
			children = (
				9DB0D8482845125C00AF53E0 /* FavouritesViewController.swift */,
			);
			path = Favorites;
			sourceTree = "<group>";
		};
		9DA4AC8E285255980087000E /* Nib Controller */ = {
			isa = PBXGroup;
			children = (
				9D9A051B285638F500C25671 /* CategoryCell.swift */,
				9DA4AC922852678F0087000E /* ProductsCategoryTableViewCell.swift */,
				9D9A051928562CB400C25671 /* categoryView.swift */,
				9D17781F2845714100F300CB /* productCell.swift */,
				9D82CF7528410DC90064BEA6 /* productView.swift */,
				9D44AC8428314F4300EE6271 /* notificationCell.swift */,
			);
			path = "Nib Controller";
			sourceTree = "<group>";
		};
		9DA4AC8F285255A00087000E /* ViewController */ = {
			isa = PBXGroup;
			children = (
				9D215A6B2852BDF4003E89EE /* Login */,
				9D215A742853684D003E89EE /* Home */,
				9D215A7928536A25003E89EE /* Categories */,
				9D215A6F2852BF4F003E89EE /* My Details */,
				9DBFA488282419E000C8BB12 /* OnbooardingViewController.swift */,
				9D215A7C28536A7C003E89EE /* Favorites */,
				9D1778232845800E00F300CB /* ShoppingCartViewController.swift */,
				9D17781328455B8C00F300CB /* ProductViewController.swift */,
			);
			path = ViewController;
			sourceTree = "<group>";
		};
		9DA4AC90285255E30087000E /* Nibs */ = {
			isa = PBXGroup;
			children = (
				9D9A051C285638F500C25671 /* CategoryCell.xib */,
				9DD56C092845311700E61BBE /* categoryView.xib */,
				9D1778202845714100F300CB /* productCell.xib */,
				9D44AC8528314F4300EE6271 /* notificationCell.xib */,
				9D82CF7D284140610064BEA6 /* productView.xib */,
			);
			path = Nibs;
			sourceTree = "<group>";
		};
		9DA4AC912852563F0087000E /* Main View */ = {
			isa = PBXGroup;
			children = (
				9DBFA48A282419E000C8BB12 /* Main.storyboard */,
				9DBFA48F282419E400C8BB12 /* LaunchScreen.storyboard */,
			);
			path = "Main View";
			sourceTree = "<group>";
		};
		9DBFA478282419E000C8BB12 = {
			isa = PBXGroup;
			children = (
				9DBFA483282419E000C8BB12 /* Killuanco */,
				9DBFA49A282419E400C8BB12 /* KilluancoTests */,
				9DBFA4A5282419E400C8BB12 /* KilluancoUITests */,
				9DBFA482282419E000C8BB12 /* Products */,
				931F71C9B540343422F614EE /* Pods */,
				B7280B94A2B91C322DDFC44B /* Frameworks */,
			);
			sourceTree = "<group>";
		};
		9DBFA482282419E000C8BB12 /* Products */ = {
			isa = PBXGroup;
			children = (
				9DBFA481282419E000C8BB12 /* Killuanco.app */,
				9DBFA497282419E400C8BB12 /* KilluancoTests.xctest */,
				9DBFA4A2282419E400C8BB12 /* KilluancoUITests.xctest */,
			);
			name = Products;
			sourceTree = "<group>";
		};
		9DBFA483282419E000C8BB12 /* Killuanco */ = {
			isa = PBXGroup;
			children = (
				9DBFA484282419E000C8BB12 /* AppDelegate.swift */,
				9DBFA486282419E000C8BB12 /* SceneDelegate.swift */,
				9D177818284568DE00F300CB /* Model */,
				9D1778152845680700F300CB /* View */,
				9D1778162845682B00F300CB /* Controller */,
				9DBFA48D282419E400C8BB12 /* Assets.xcassets */,
				9DBFA492282419E400C8BB12 /* Info.plist */,
			);
			path = Killuanco;
			sourceTree = "<group>";
		};
		9DBFA49A282419E400C8BB12 /* KilluancoTests */ = {
			isa = PBXGroup;
			children = (
				9DBFA49B282419E400C8BB12 /* KilluancoTests.swift */,
				9DBFA49D282419E400C8BB12 /* Info.plist */,
			);
			path = KilluancoTests;
			sourceTree = "<group>";
		};
		9DBFA4A5282419E400C8BB12 /* KilluancoUITests */ = {
			isa = PBXGroup;
			children = (
				9DBFA4A6282419E400C8BB12 /* KilluancoUITests.swift */,
				9DBFA4A8282419E400C8BB12 /* Info.plist */,
			);
			path = KilluancoUITests;
			sourceTree = "<group>";
		};
		B7280B94A2B91C322DDFC44B /* Frameworks */ = {
			isa = PBXGroup;
			children = (
				2921402C78E6E9D6E9EC5FFD /* Pods_Killuanco.framework */,
			);
			name = Frameworks;
			sourceTree = "<group>";
		};
/* End PBXGroup section */

/* Begin PBXNativeTarget section */
		9DBFA480282419E000C8BB12 /* Killuanco */ = {
			isa = PBXNativeTarget;
			buildConfigurationList = 9DBFA4AB282419E400C8BB12 /* Build configuration list for PBXNativeTarget "Killuanco" */;
			buildPhases = (
				CA07E0ED3A7052C79BF5B9FC /* [CP] Check Pods Manifest.lock */,
				9DBFA47D282419E000C8BB12 /* Sources */,
				9DBFA47E282419E000C8BB12 /* Frameworks */,
				9DBFA47F282419E000C8BB12 /* Resources */,
				3BDA7C7495B33DEB559A0857 /* [CP] Embed Pods Frameworks */,
			);
			buildRules = (
			);
			dependencies = (
			);
			name = Killuanco;
			productName = Killuanco;
			productReference = 9DBFA481282419E000C8BB12 /* Killuanco.app */;
			productType = "com.apple.product-type.application";
		};
		9DBFA496282419E400C8BB12 /* KilluancoTests */ = {
			isa = PBXNativeTarget;
			buildConfigurationList = 9DBFA4AE282419E400C8BB12 /* Build configuration list for PBXNativeTarget "KilluancoTests" */;
			buildPhases = (
				9DBFA493282419E400C8BB12 /* Sources */,
				9DBFA494282419E400C8BB12 /* Frameworks */,
				9DBFA495282419E400C8BB12 /* Resources */,
			);
			buildRules = (
			);
			dependencies = (
				9DBFA499282419E400C8BB12 /* PBXTargetDependency */,
			);
			name = KilluancoTests;
			productName = KilluancoTests;
			productReference = 9DBFA497282419E400C8BB12 /* KilluancoTests.xctest */;
			productType = "com.apple.product-type.bundle.unit-test";
		};
		9DBFA4A1282419E400C8BB12 /* KilluancoUITests */ = {
			isa = PBXNativeTarget;
			buildConfigurationList = 9DBFA4B1282419E400C8BB12 /* Build configuration list for PBXNativeTarget "KilluancoUITests" */;
			buildPhases = (
				9DBFA49E282419E400C8BB12 /* Sources */,
				9DBFA49F282419E400C8BB12 /* Frameworks */,
				9DBFA4A0282419E400C8BB12 /* Resources */,
			);
			buildRules = (
			);
			dependencies = (
				9DBFA4A4282419E400C8BB12 /* PBXTargetDependency */,
			);
			name = KilluancoUITests;
			productName = KilluancoUITests;
			productReference = 9DBFA4A2282419E400C8BB12 /* KilluancoUITests.xctest */;
			productType = "com.apple.product-type.bundle.ui-testing";
		};
/* End PBXNativeTarget section */

/* Begin PBXProject section */
		9DBFA479282419E000C8BB12 /* Project object */ = {
			isa = PBXProject;
			attributes = {
				LastSwiftUpdateCheck = 1130;
				LastUpgradeCheck = 1130;
				ORGANIZATIONNAME = "PA&A";
				TargetAttributes = {
					9DBFA480282419E000C8BB12 = {
						CreatedOnToolsVersion = 11.3.1;
					};
					9DBFA496282419E400C8BB12 = {
						CreatedOnToolsVersion = 11.3.1;
						TestTargetID = 9DBFA480282419E000C8BB12;
					};
					9DBFA4A1282419E400C8BB12 = {
						CreatedOnToolsVersion = 11.3.1;
						TestTargetID = 9DBFA480282419E000C8BB12;
					};
				};
			};
			buildConfigurationList = 9DBFA47C282419E000C8BB12 /* Build configuration list for PBXProject "Killuanco" */;
			compatibilityVersion = "Xcode 9.3";
			developmentRegion = en;
			hasScannedForEncodings = 0;
			knownRegions = (
				en,
				Base,
			);
			mainGroup = 9DBFA478282419E000C8BB12;
			productRefGroup = 9DBFA482282419E000C8BB12 /* Products */;
			projectDirPath = "";
			projectRoot = "";
			targets = (
				9DBFA480282419E000C8BB12 /* Killuanco */,
				9DBFA496282419E400C8BB12 /* KilluancoTests */,
				9DBFA4A1282419E400C8BB12 /* KilluancoUITests */,
			);
		};
/* End PBXProject section */

/* Begin PBXResourcesBuildPhase section */
		9DBFA47F282419E000C8BB12 /* Resources */ = {
			isa = PBXResourcesBuildPhase;
			buildActionMask = 2147483647;
			files = (
				9D82CF7E284140610064BEA6 /* productView.xib in Resources */,
				9D44AC8728314F4300EE6271 /* notificationCell.xib in Resources */,
				9DD56C0B2845311700E61BBE /* categoryView.xib in Resources */,
				9DBFA491282419E400C8BB12 /* LaunchScreen.storyboard in Resources */,
				9D1778222845714100F300CB /* productCell.xib in Resources */,
				9DBFA48E282419E400C8BB12 /* Assets.xcassets in Resources */,
				9DBFA48C282419E000C8BB12 /* Main.storyboard in Resources */,
				9D9A051E285638F500C25671 /* CategoryCell.xib in Resources */,
			);
			runOnlyForDeploymentPostprocessing = 0;
		};
		9DBFA495282419E400C8BB12 /* Resources */ = {
			isa = PBXResourcesBuildPhase;
			buildActionMask = 2147483647;
			files = (
			);
			runOnlyForDeploymentPostprocessing = 0;
		};
		9DBFA4A0282419E400C8BB12 /* Resources */ = {
			isa = PBXResourcesBuildPhase;
			buildActionMask = 2147483647;
			files = (
			);
			runOnlyForDeploymentPostprocessing = 0;
		};
/* End PBXResourcesBuildPhase section */

/* Begin PBXShellScriptBuildPhase section */
		3BDA7C7495B33DEB559A0857 /* [CP] Embed Pods Frameworks */ = {
			isa = PBXShellScriptBuildPhase;
			buildActionMask = 2147483647;
			files = (
			);
			inputFileListPaths = (
				"${PODS_ROOT}/Target Support Files/Pods-Killuanco/Pods-Killuanco-frameworks-${CONFIGURATION}-input-files.xcfilelist",
			);
			name = "[CP] Embed Pods Frameworks";
			outputFileListPaths = (
				"${PODS_ROOT}/Target Support Files/Pods-Killuanco/Pods-Killuanco-frameworks-${CONFIGURATION}-output-files.xcfilelist",
			);
			runOnlyForDeploymentPostprocessing = 0;
			shellPath = /bin/sh;
			shellScript = "\"${PODS_ROOT}/Target Support Files/Pods-Killuanco/Pods-Killuanco-frameworks.sh\"\n";
			showEnvVarsInLog = 0;
		};
		CA07E0ED3A7052C79BF5B9FC /* [CP] Check Pods Manifest.lock */ = {
			isa = PBXShellScriptBuildPhase;
			buildActionMask = 2147483647;
			files = (
			);
			inputFileListPaths = (
			);
			inputPaths = (
				"${PODS_PODFILE_DIR_PATH}/Podfile.lock",
				"${PODS_ROOT}/Manifest.lock",
			);
			name = "[CP] Check Pods Manifest.lock";
			outputFileListPaths = (
			);
			outputPaths = (
				"$(DERIVED_FILE_DIR)/Pods-Killuanco-checkManifestLockResult.txt",
			);
			runOnlyForDeploymentPostprocessing = 0;
			shellPath = /bin/sh;
			shellScript = "diff \"${PODS_PODFILE_DIR_PATH}/Podfile.lock\" \"${PODS_ROOT}/Manifest.lock\" > /dev/null\nif [ $? != 0 ] ; then\n    # print error to STDERR\n    echo \"error: The sandbox is not in sync with the Podfile.lock. Run 'pod install' or update your CocoaPods installation.\" >&2\n    exit 1\nfi\n# This output is used by Xcode 'outputs' to avoid re-running this script phase.\necho \"SUCCESS\" > \"${SCRIPT_OUTPUT_FILE_0}\"\n";
			showEnvVarsInLog = 0;
		};
/* End PBXShellScriptBuildPhase section */

/* Begin PBXSourcesBuildPhase section */
		9DBFA47D282419E000C8BB12 /* Sources */ = {
			isa = PBXSourcesBuildPhase;
			buildActionMask = 2147483647;
			files = (
				9D9A051A28562CB500C25671 /* categoryView.swift in Sources */,
				9DA4AC942852678F0087000E /* ProductsCategoryTableViewCell.swift in Sources */,
				9D44AC89283153A600EE6271 /* K.swift in Sources */,
				9DBFA489282419E000C8BB12 /* OnbooardingViewController.swift in Sources */,
				9DBFA485282419E000C8BB12 /* AppDelegate.swift in Sources */,
				9D82CF7C284138E80064BEA6 /* NotificationsViewController.swift in Sources */,
				9D17781C2845696A00F300CB /* Favorites Folders Model.swift in Sources */,
				9D82CF7A28411A3E0064BEA6 /* CategoryViewController.swift in Sources */,
				9D215A722852BFDF003E89EE /* PaymentMethodViewController.swift in Sources */,
				9D215A7E28536BDE003E89EE /* ForgotPasswordViewController.swift in Sources */,
				9D17781428455B8C00F300CB /* ProductViewController.swift in Sources */,
				9D215A732852BFDF003E89EE /* FAQsViewController.swift in Sources */,
				9D1778242845800E00F300CB /* ShoppingCartViewController.swift in Sources */,
				9D27507E2826BFEC0029CB3F /* AccountViewController.swift in Sources */,
				9D44AC8628314F4300EE6271 /* notificationCell.swift in Sources */,
				9D17781A2845690000F300CB /* Notifications Model.swift in Sources */,
				9D9A051D285638F500C25671 /* CategoryCell.swift in Sources */,
				9D1778212845714100F300CB /* productCell.swift in Sources */,
				9D215A762853687D003E89EE /* HomeViewController.swift in Sources */,
				9D215A6E2852BE83003E89EE /* ResetPasswordViewController.swift in Sources */,
				9DBFA487282419E000C8BB12 /* SceneDelegate.swift in Sources */,
				9D2750842826CE5A0029CB3F /* MyDetailsViewController.swift in Sources */,
				9D2750822826C0240029CB3F /* ContactUsViewController.swift in Sources */,
				9D97680828436E250053EE90 /* LoginViewController.swift in Sources */,
				9D9A051828561DEE00C25671 /* Data Base.swift in Sources */,
				9DB0D8492845125C00AF53E0 /* FavouritesViewController.swift in Sources */,
				9D215A7B28536A31003E89EE /* CategoriesViewController.swift in Sources */,
				9D82CF7728410DC90064BEA6 /* productView.swift in Sources */,
				9D215A8028536E3D003E89EE /* Products Data Model.swift in Sources */,
			);
			runOnlyForDeploymentPostprocessing = 0;
		};
		9DBFA493282419E400C8BB12 /* Sources */ = {
			isa = PBXSourcesBuildPhase;
			buildActionMask = 2147483647;
			files = (
				9DBFA49C282419E400C8BB12 /* KilluancoTests.swift in Sources */,
			);
			runOnlyForDeploymentPostprocessing = 0;
		};
		9DBFA49E282419E400C8BB12 /* Sources */ = {
			isa = PBXSourcesBuildPhase;
			buildActionMask = 2147483647;
			files = (
				9DBFA4A7282419E400C8BB12 /* KilluancoUITests.swift in Sources */,
			);
			runOnlyForDeploymentPostprocessing = 0;
		};
/* End PBXSourcesBuildPhase section */

/* Begin PBXTargetDependency section */
		9DBFA499282419E400C8BB12 /* PBXTargetDependency */ = {
			isa = PBXTargetDependency;
			target = 9DBFA480282419E000C8BB12 /* Killuanco */;
			targetProxy = 9DBFA498282419E400C8BB12 /* PBXContainerItemProxy */;
		};
		9DBFA4A4282419E400C8BB12 /* PBXTargetDependency */ = {
			isa = PBXTargetDependency;
			target = 9DBFA480282419E000C8BB12 /* Killuanco */;
			targetProxy = 9DBFA4A3282419E400C8BB12 /* PBXContainerItemProxy */;
		};
/* End PBXTargetDependency section */

/* Begin PBXVariantGroup section */
		9DBFA48A282419E000C8BB12 /* Main.storyboard */ = {
			isa = PBXVariantGroup;
			children = (
				9DBFA48B282419E000C8BB12 /* Base */,
			);
			name = Main.storyboard;
			sourceTree = "<group>";
		};
		9DBFA48F282419E400C8BB12 /* LaunchScreen.storyboard */ = {
			isa = PBXVariantGroup;
			children = (
				9DBFA490282419E400C8BB12 /* Base */,
			);
			name = LaunchScreen.storyboard;
			sourceTree = "<group>";
		};
/* End PBXVariantGroup section */

/* Begin XCBuildConfiguration section */
		9DBFA4A9282419E400C8BB12 /* Debug */ = {
			isa = XCBuildConfiguration;
			buildSettings = {
				ALWAYS_SEARCH_USER_PATHS = NO;
				CLANG_ANALYZER_NONNULL = YES;
				CLANG_ANALYZER_NUMBER_OBJECT_CONVERSION = YES_AGGRESSIVE;
				CLANG_CXX_LANGUAGE_STANDARD = "gnu++14";
				CLANG_CXX_LIBRARY = "libc++";
				CLANG_ENABLE_MODULES = YES;
				CLANG_ENABLE_OBJC_ARC = YES;
				CLANG_ENABLE_OBJC_WEAK = YES;
				CLANG_WARN_BLOCK_CAPTURE_AUTORELEASING = YES;
				CLANG_WARN_BOOL_CONVERSION = YES;
				CLANG_WARN_COMMA = YES;
				CLANG_WARN_CONSTANT_CONVERSION = YES;
				CLANG_WARN_DEPRECATED_OBJC_IMPLEMENTATIONS = YES;
				CLANG_WARN_DIRECT_OBJC_ISA_USAGE = YES_ERROR;
				CLANG_WARN_DOCUMENTATION_COMMENTS = YES;
				CLANG_WARN_EMPTY_BODY = YES;
				CLANG_WARN_ENUM_CONVERSION = YES;
				CLANG_WARN_INFINITE_RECURSION = YES;
				CLANG_WARN_INT_CONVERSION = YES;
				CLANG_WARN_NON_LITERAL_NULL_CONVERSION = YES;
				CLANG_WARN_OBJC_IMPLICIT_RETAIN_SELF = YES;
				CLANG_WARN_OBJC_LITERAL_CONVERSION = YES;
				CLANG_WARN_OBJC_ROOT_CLASS = YES_ERROR;
				CLANG_WARN_RANGE_LOOP_ANALYSIS = YES;
				CLANG_WARN_STRICT_PROTOTYPES = YES;
				CLANG_WARN_SUSPICIOUS_MOVE = YES;
				CLANG_WARN_UNGUARDED_AVAILABILITY = YES_AGGRESSIVE;
				CLANG_WARN_UNREACHABLE_CODE = YES;
				CLANG_WARN__DUPLICATE_METHOD_MATCH = YES;
				COPY_PHASE_STRIP = NO;
				DEBUG_INFORMATION_FORMAT = dwarf;
				ENABLE_STRICT_OBJC_MSGSEND = YES;
				ENABLE_TESTABILITY = YES;
				GCC_C_LANGUAGE_STANDARD = gnu11;
				GCC_DYNAMIC_NO_PIC = NO;
				GCC_NO_COMMON_BLOCKS = YES;
				GCC_OPTIMIZATION_LEVEL = 0;
				GCC_PREPROCESSOR_DEFINITIONS = (
					"DEBUG=1",
					"$(inherited)",
				);
				GCC_WARN_64_TO_32_BIT_CONVERSION = YES;
				GCC_WARN_ABOUT_RETURN_TYPE = YES_ERROR;
				GCC_WARN_UNDECLARED_SELECTOR = YES;
				GCC_WARN_UNINITIALIZED_AUTOS = YES_AGGRESSIVE;
				GCC_WARN_UNUSED_FUNCTION = YES;
				GCC_WARN_UNUSED_VARIABLE = YES;
				IPHONEOS_DEPLOYMENT_TARGET = 13.0;
				MTL_ENABLE_DEBUG_INFO = INCLUDE_SOURCE;
				MTL_FAST_MATH = YES;
				ONLY_ACTIVE_ARCH = YES;
				SDKROOT = iphoneos;
				SWIFT_ACTIVE_COMPILATION_CONDITIONS = DEBUG;
				SWIFT_OPTIMIZATION_LEVEL = "-Onone";
			};
			name = Debug;
		};
		9DBFA4AA282419E400C8BB12 /* Release */ = {
			isa = XCBuildConfiguration;
			buildSettings = {
				ALWAYS_SEARCH_USER_PATHS = NO;
				CLANG_ANALYZER_NONNULL = YES;
				CLANG_ANALYZER_NUMBER_OBJECT_CONVERSION = YES_AGGRESSIVE;
				CLANG_CXX_LANGUAGE_STANDARD = "gnu++14";
				CLANG_CXX_LIBRARY = "libc++";
				CLANG_ENABLE_MODULES = YES;
				CLANG_ENABLE_OBJC_ARC = YES;
				CLANG_ENABLE_OBJC_WEAK = YES;
				CLANG_WARN_BLOCK_CAPTURE_AUTORELEASING = YES;
				CLANG_WARN_BOOL_CONVERSION = YES;
				CLANG_WARN_COMMA = YES;
				CLANG_WARN_CONSTANT_CONVERSION = YES;
				CLANG_WARN_DEPRECATED_OBJC_IMPLEMENTATIONS = YES;
				CLANG_WARN_DIRECT_OBJC_ISA_USAGE = YES_ERROR;
				CLANG_WARN_DOCUMENTATION_COMMENTS = YES;
				CLANG_WARN_EMPTY_BODY = YES;
				CLANG_WARN_ENUM_CONVERSION = YES;
				CLANG_WARN_INFINITE_RECURSION = YES;
				CLANG_WARN_INT_CONVERSION = YES;
				CLANG_WARN_NON_LITERAL_NULL_CONVERSION = YES;
				CLANG_WARN_OBJC_IMPLICIT_RETAIN_SELF = YES;
				CLANG_WARN_OBJC_LITERAL_CONVERSION = YES;
				CLANG_WARN_OBJC_ROOT_CLASS = YES_ERROR;
				CLANG_WARN_RANGE_LOOP_ANALYSIS = YES;
				CLANG_WARN_STRICT_PROTOTYPES = YES;
				CLANG_WARN_SUSPICIOUS_MOVE = YES;
				CLANG_WARN_UNGUARDED_AVAILABILITY = YES_AGGRESSIVE;
				CLANG_WARN_UNREACHABLE_CODE = YES;
				CLANG_WARN__DUPLICATE_METHOD_MATCH = YES;
				COPY_PHASE_STRIP = NO;
				DEBUG_INFORMATION_FORMAT = "dwarf-with-dsym";
				ENABLE_NS_ASSERTIONS = NO;
				ENABLE_STRICT_OBJC_MSGSEND = YES;
				GCC_C_LANGUAGE_STANDARD = gnu11;
				GCC_NO_COMMON_BLOCKS = YES;
				GCC_WARN_64_TO_32_BIT_CONVERSION = YES;
				GCC_WARN_ABOUT_RETURN_TYPE = YES_ERROR;
				GCC_WARN_UNDECLARED_SELECTOR = YES;
				GCC_WARN_UNINITIALIZED_AUTOS = YES_AGGRESSIVE;
				GCC_WARN_UNUSED_FUNCTION = YES;
				GCC_WARN_UNUSED_VARIABLE = YES;
				IPHONEOS_DEPLOYMENT_TARGET = 13.0;
				MTL_ENABLE_DEBUG_INFO = NO;
				MTL_FAST_MATH = YES;
				SDKROOT = iphoneos;
				SWIFT_COMPILATION_MODE = wholemodule;
				SWIFT_OPTIMIZATION_LEVEL = "-O";
				VALIDATE_PRODUCT = YES;
			};
			name = Release;
		};
		9DBFA4AC282419E400C8BB12 /* Debug */ = {
			isa = XCBuildConfiguration;
			baseConfigurationReference = 5E1ED7FDB90D71A54A35AD17 /* Pods-Killuanco.debug.xcconfig */;
			buildSettings = {
				ASSETCATALOG_COMPILER_APPICON_NAME = AppIcon;
				CODE_SIGN_STYLE = Automatic;
				DEVELOPMENT_TEAM = Q8J2RFPGUP;
				INFOPLIST_FILE = Killuanco/Info.plist;
				IPHONEOS_DEPLOYMENT_TARGET = 13.0;
				LD_RUNPATH_SEARCH_PATHS = (
					"$(inherited)",
					"@executable_path/Frameworks",
				);
				PRODUCT_BUNDLE_IDENTIFIER = "com.propertyadvisor-group.Killuanco";
				PRODUCT_NAME = "$(TARGET_NAME)";
				SWIFT_VERSION = 5.0;
				TARGETED_DEVICE_FAMILY = "1,2";
			};
			name = Debug;
		};
		9DBFA4AD282419E400C8BB12 /* Release */ = {
			isa = XCBuildConfiguration;
			baseConfigurationReference = 81A0648B33D3F3A0448A00C0 /* Pods-Killuanco.release.xcconfig */;
			buildSettings = {
				ASSETCATALOG_COMPILER_APPICON_NAME = AppIcon;
				CODE_SIGN_STYLE = Automatic;
				DEVELOPMENT_TEAM = Q8J2RFPGUP;
				INFOPLIST_FILE = Killuanco/Info.plist;
				IPHONEOS_DEPLOYMENT_TARGET = 13.0;
				LD_RUNPATH_SEARCH_PATHS = (
					"$(inherited)",
					"@executable_path/Frameworks",
				);
				PRODUCT_BUNDLE_IDENTIFIER = "com.propertyadvisor-group.Killuanco";
				PRODUCT_NAME = "$(TARGET_NAME)";
				SWIFT_VERSION = 5.0;
				TARGETED_DEVICE_FAMILY = "1,2";
			};
			name = Release;
		};
		9DBFA4AF282419E400C8BB12 /* Debug */ = {
			isa = XCBuildConfiguration;
			buildSettings = {
				ALWAYS_EMBED_SWIFT_STANDARD_LIBRARIES = YES;
				BUNDLE_LOADER = "$(TEST_HOST)";
				CODE_SIGN_STYLE = Automatic;
				DEVELOPMENT_TEAM = Q8J2RFPGUP;
				INFOPLIST_FILE = KilluancoTests/Info.plist;
				IPHONEOS_DEPLOYMENT_TARGET = 13.2;
				LD_RUNPATH_SEARCH_PATHS = (
					"$(inherited)",
					"@executable_path/Frameworks",
					"@loader_path/Frameworks",
				);
				PRODUCT_BUNDLE_IDENTIFIER = "com.propertyadvisor-group.KilluancoTests";
				PRODUCT_NAME = "$(TARGET_NAME)";
				SWIFT_VERSION = 5.0;
				TARGETED_DEVICE_FAMILY = "1,2";
				TEST_HOST = "$(BUILT_PRODUCTS_DIR)/Killuanco.app/Killuanco";
			};
			name = Debug;
		};
		9DBFA4B0282419E400C8BB12 /* Release */ = {
			isa = XCBuildConfiguration;
			buildSettings = {
				ALWAYS_EMBED_SWIFT_STANDARD_LIBRARIES = YES;
				BUNDLE_LOADER = "$(TEST_HOST)";
				CODE_SIGN_STYLE = Automatic;
				DEVELOPMENT_TEAM = Q8J2RFPGUP;
				INFOPLIST_FILE = KilluancoTests/Info.plist;
				IPHONEOS_DEPLOYMENT_TARGET = 13.2;
				LD_RUNPATH_SEARCH_PATHS = (
					"$(inherited)",
					"@executable_path/Frameworks",
					"@loader_path/Frameworks",
				);
				PRODUCT_BUNDLE_IDENTIFIER = "com.propertyadvisor-group.KilluancoTests";
				PRODUCT_NAME = "$(TARGET_NAME)";
				SWIFT_VERSION = 5.0;
				TARGETED_DEVICE_FAMILY = "1,2";
				TEST_HOST = "$(BUILT_PRODUCTS_DIR)/Killuanco.app/Killuanco";
			};
			name = Release;
		};
		9DBFA4B2282419E400C8BB12 /* Debug */ = {
			isa = XCBuildConfiguration;
			buildSettings = {
				ALWAYS_EMBED_SWIFT_STANDARD_LIBRARIES = YES;
				CODE_SIGN_STYLE = Automatic;
				DEVELOPMENT_TEAM = Q8J2RFPGUP;
				INFOPLIST_FILE = KilluancoUITests/Info.plist;
				LD_RUNPATH_SEARCH_PATHS = (
					"$(inherited)",
					"@executable_path/Frameworks",
					"@loader_path/Frameworks",
				);
				PRODUCT_BUNDLE_IDENTIFIER = "com.propertyadvisor-group.KilluancoUITests";
				PRODUCT_NAME = "$(TARGET_NAME)";
				SWIFT_VERSION = 5.0;
				TARGETED_DEVICE_FAMILY = "1,2";
				TEST_TARGET_NAME = Killuanco;
			};
			name = Debug;
		};
		9DBFA4B3282419E400C8BB12 /* Release */ = {
			isa = XCBuildConfiguration;
			buildSettings = {
				ALWAYS_EMBED_SWIFT_STANDARD_LIBRARIES = YES;
				CODE_SIGN_STYLE = Automatic;
				DEVELOPMENT_TEAM = Q8J2RFPGUP;
				INFOPLIST_FILE = KilluancoUITests/Info.plist;
				LD_RUNPATH_SEARCH_PATHS = (
					"$(inherited)",
					"@executable_path/Frameworks",
					"@loader_path/Frameworks",
				);
				PRODUCT_BUNDLE_IDENTIFIER = "com.propertyadvisor-group.KilluancoUITests";
				PRODUCT_NAME = "$(TARGET_NAME)";
				SWIFT_VERSION = 5.0;
				TARGETED_DEVICE_FAMILY = "1,2";
				TEST_TARGET_NAME = Killuanco;
			};
			name = Release;
		};
/* End XCBuildConfiguration section */

/* Begin XCConfigurationList section */
		9DBFA47C282419E000C8BB12 /* Build configuration list for PBXProject "Killuanco" */ = {
			isa = XCConfigurationList;
			buildConfigurations = (
				9DBFA4A9282419E400C8BB12 /* Debug */,
				9DBFA4AA282419E400C8BB12 /* Release */,
			);
			defaultConfigurationIsVisible = 0;
			defaultConfigurationName = Release;
		};
		9DBFA4AB282419E400C8BB12 /* Build configuration list for PBXNativeTarget "Killuanco" */ = {
			isa = XCConfigurationList;
			buildConfigurations = (
				9DBFA4AC282419E400C8BB12 /* Debug */,
				9DBFA4AD282419E400C8BB12 /* Release */,
			);
			defaultConfigurationIsVisible = 0;
			defaultConfigurationName = Release;
		};
		9DBFA4AE282419E400C8BB12 /* Build configuration list for PBXNativeTarget "KilluancoTests" */ = {
			isa = XCConfigurationList;
			buildConfigurations = (
				9DBFA4AF282419E400C8BB12 /* Debug */,
				9DBFA4B0282419E400C8BB12 /* Release */,
			);
			defaultConfigurationIsVisible = 0;
			defaultConfigurationName = Release;
		};
		9DBFA4B1282419E400C8BB12 /* Build configuration list for PBXNativeTarget "KilluancoUITests" */ = {
			isa = XCConfigurationList;
			buildConfigurations = (
				9DBFA4B2282419E400C8BB12 /* Debug */,
				9DBFA4B3282419E400C8BB12 /* Release */,
			);
			defaultConfigurationIsVisible = 0;
			defaultConfigurationName = Release;
		};
/* End XCConfigurationList section */
	};
	rootObject = 9DBFA479282419E000C8BB12 /* Project object */;
}
